version: 4
environments:
  default:
    channels:
    - url: https://conda.anaconda.org/conda-forge/
    - url: https://conda.anaconda.org/bioconda/
    packages:
      linux-64:
      - conda: https://conda.anaconda.org/conda-forge/linux-64/_libgcc_mutex-0.1-conda_forge.tar.bz2
      - conda: https://conda.anaconda.org/conda-forge/linux-64/_openmp_mutex-4.5-2_gnu.tar.bz2
      - conda: https://conda.anaconda.org/bioconda/linux-64/bedtools-2.31.1-hf5e1c6e_1.tar.bz2
      - conda: https://conda.anaconda.org/conda-forge/linux-64/bzip2-1.0.8-hd590300_5.conda
      - conda: https://conda.anaconda.org/conda-forge/linux-64/ca-certificates-2024.2.2-hbcca054_0.conda
      - conda: https://conda.anaconda.org/conda-forge/linux-64/gettext-0.22.5-h59595ed_2.conda
      - conda: https://conda.anaconda.org/conda-forge/linux-64/gettext-tools-0.22.5-h59595ed_2.conda
      - conda: https://conda.anaconda.org/conda-forge/linux-64/gzip-1.13-hd590300_0.conda
      - conda: https://conda.anaconda.org/bioconda/linux-64/hhsuite-3.3.0-py310pl5321h068649b_10.tar.bz2
      - conda: https://conda.anaconda.org/conda-forge/noarch/joblib-1.4.0-pyhd8ed1ab_0.conda
      - conda: https://conda.anaconda.org/conda-forge/linux-64/ld_impl_linux-64-2.40-h55db66e_0.conda
      - conda: https://conda.anaconda.org/conda-forge/linux-64/libasprintf-0.22.5-h661eb56_2.conda
      - conda: https://conda.anaconda.org/conda-forge/linux-64/libasprintf-devel-0.22.5-h661eb56_2.conda
      - conda: https://conda.anaconda.org/conda-forge/linux-64/libblas-3.9.0-22_linux64_openblas.conda
      - conda: https://conda.anaconda.org/conda-forge/linux-64/libcblas-3.9.0-22_linux64_openblas.conda
      - conda: https://conda.anaconda.org/conda-forge/linux-64/libffi-3.4.2-h7f98852_5.tar.bz2
      - conda: https://conda.anaconda.org/conda-forge/linux-64/libgcc-ng-13.2.0-hc881cc4_6.conda
      - conda: https://conda.anaconda.org/conda-forge/linux-64/libgettextpo-0.22.5-h59595ed_2.conda
      - conda: https://conda.anaconda.org/conda-forge/linux-64/libgettextpo-devel-0.22.5-h59595ed_2.conda
      - conda: https://conda.anaconda.org/conda-forge/linux-64/libgfortran-ng-13.2.0-h69a702a_6.conda
      - conda: https://conda.anaconda.org/conda-forge/linux-64/libgfortran5-13.2.0-h43f5ff8_6.conda
      - conda: https://conda.anaconda.org/conda-forge/linux-64/libgomp-13.2.0-hc881cc4_6.conda
      - conda: https://conda.anaconda.org/conda-forge/linux-64/libiconv-1.17-hd590300_2.conda
      - conda: https://conda.anaconda.org/conda-forge/linux-64/libidn2-2.3.7-hd590300_0.conda
      - conda: https://conda.anaconda.org/conda-forge/linux-64/liblapack-3.9.0-22_linux64_openblas.conda
      - conda: https://conda.anaconda.org/conda-forge/linux-64/libnsl-2.0.1-hd590300_0.conda
      - conda: https://conda.anaconda.org/conda-forge/linux-64/libopenblas-0.3.27-pthreads_h413a1c8_0.conda
      - conda: https://conda.anaconda.org/conda-forge/linux-64/libsqlite-3.45.3-h2797004_0.conda
      - conda: https://conda.anaconda.org/conda-forge/linux-64/libstdcxx-ng-13.2.0-h95c4c6d_6.conda
      - conda: https://conda.anaconda.org/conda-forge/linux-64/libunistring-0.9.10-h7f98852_0.tar.bz2
      - conda: https://conda.anaconda.org/conda-forge/linux-64/libuuid-2.38.1-h0b41bf4_0.conda
      - conda: https://conda.anaconda.org/conda-forge/linux-64/libxcrypt-4.4.36-hd590300_1.conda
      - conda: https://conda.anaconda.org/conda-forge/linux-64/libzlib-1.2.13-hd590300_5.conda
      - conda: https://conda.anaconda.org/conda-forge/linux-64/ncurses-6.4.20240210-h59595ed_0.conda
      - conda: https://conda.anaconda.org/conda-forge/linux-64/numpy-1.26.4-py310hb13e2d6_0.conda
      - conda: https://conda.anaconda.org/conda-forge/linux-64/openssl-3.2.1-hd590300_1.conda
      - conda: https://conda.anaconda.org/conda-forge/linux-64/perl-5.32.1-7_hd590300_perl5.conda
      - conda: https://conda.anaconda.org/conda-forge/linux-64/python-3.10.0-h543edf9_3_cpython.tar.bz2
      - conda: https://conda.anaconda.org/conda-forge/linux-64/python_abi-3.10-4_cp310.conda
      - conda: https://conda.anaconda.org/conda-forge/linux-64/readline-8.2-h8228510_1.conda
      - conda: https://conda.anaconda.org/conda-forge/linux-64/scikit-learn-1.2.0-py310h209a8ca_0.conda
      - conda: https://conda.anaconda.org/conda-forge/linux-64/scipy-1.13.0-py310hb13e2d6_0.conda
      - conda: https://conda.anaconda.org/conda-forge/noarch/setuptools-69.5.1-pyhd8ed1ab_0.conda
      - conda: https://conda.anaconda.org/conda-forge/linux-64/sqlite-3.45.3-h2c6b66d_0.conda
      - conda: https://conda.anaconda.org/conda-forge/linux-64/tar-1.34-hb2e2bae_1.tar.bz2
      - conda: https://conda.anaconda.org/conda-forge/noarch/threadpoolctl-3.4.0-pyhc1e730c_0.conda
      - conda: https://conda.anaconda.org/conda-forge/linux-64/tk-8.6.13-noxft_h4845f30_101.conda
      - conda: https://conda.anaconda.org/conda-forge/noarch/tzdata-2024a-h0c530f3_0.conda
      - conda: https://conda.anaconda.org/conda-forge/linux-64/wget-1.21.4-hda4d442_0.conda
      - conda: https://conda.anaconda.org/conda-forge/linux-64/xz-5.2.6-h166bdaf_0.tar.bz2
      - conda: https://conda.anaconda.org/conda-forge/linux-64/zlib-1.2.13-hd590300_5.conda
packages:
- kind: conda
  name: _libgcc_mutex
  version: '0.1'
  build: conda_forge
  subdir: linux-64
  url: https://conda.anaconda.org/conda-forge/linux-64/_libgcc_mutex-0.1-conda_forge.tar.bz2
  sha256: fe51de6107f9edc7aa4f786a70f4a883943bc9d39b3bb7307c04c41410990726
  md5: d7c89558ba9fa0495403155b64376d81
  license: None
  size: 2562
  timestamp: 1578324546067
- kind: conda
  name: _openmp_mutex
  version: '4.5'
  build: 2_gnu
  build_number: 16
  subdir: linux-64
  url: https://conda.anaconda.org/conda-forge/linux-64/_openmp_mutex-4.5-2_gnu.tar.bz2
  sha256: fbe2c5e56a653bebb982eda4876a9178aedfc2b545f25d0ce9c4c0b508253d22
  md5: 73aaf86a425cc6e73fcf236a5a46396d
  depends:
  - _libgcc_mutex 0.1 conda_forge
  - libgomp >=7.5.0
  constrains:
  - openmp_impl 9999
  license: BSD-3-Clause
  license_family: BSD
  size: 23621
  timestamp: 1650670423406
- kind: conda
  name: bedtools
  version: 2.31.1
  build: hf5e1c6e_1
  build_number: 1
  subdir: linux-64
  url: https://conda.anaconda.org/bioconda/linux-64/bedtools-2.31.1-hf5e1c6e_1.tar.bz2
  sha256: b256fb77a8ef0b57dd512ccfea986f05576f6ff1be705557d1f8666c80f1a098
  md5: 2066287e826a2ff469fa0b62b24b6059
  depends:
  - bzip2 >=1.0.8,<2.0a0
  - libgcc-ng >=12
  - libstdcxx-ng >=12
  - libzlib >=1.2.13,<1.3.0a0
  - xz >=5.2.6,<6.0a0
  license: MIT
  size: 1601177
  timestamp: 1709670647222
- kind: conda
  name: bzip2
  version: 1.0.8
  build: hd590300_5
  build_number: 5
  subdir: linux-64
  url: https://conda.anaconda.org/conda-forge/linux-64/bzip2-1.0.8-hd590300_5.conda
  sha256: 242c0c324507ee172c0e0dd2045814e746bb303d1eb78870d182ceb0abc726a8
  md5: 69b8b6202a07720f448be700e300ccf4
  depends:
  - libgcc-ng >=12
  license: bzip2-1.0.6
  license_family: BSD
  size: 254228
  timestamp: 1699279927352
- kind: conda
  name: ca-certificates
  version: 2024.2.2
  build: hbcca054_0
  subdir: linux-64
  url: https://conda.anaconda.org/conda-forge/linux-64/ca-certificates-2024.2.2-hbcca054_0.conda
  sha256: 91d81bfecdbb142c15066df70cc952590ae8991670198f92c66b62019b251aeb
  md5: 2f4327a1cbe7f022401b236e915a5fef
  license: ISC
  size: 155432
  timestamp: 1706843687645
- kind: conda
  name: gettext
  version: 0.22.5
  build: h59595ed_2
  build_number: 2
  subdir: linux-64
  url: https://conda.anaconda.org/conda-forge/linux-64/gettext-0.22.5-h59595ed_2.conda
  sha256: 386181254ddd2aed1fccdfc217da5b6545f6df4e9979ad8e08f5e91e22eaf7dc
  md5: 219ba82e95d7614cf7140d2a4afc0926
  depends:
  - gettext-tools 0.22.5 h59595ed_2
  - libasprintf 0.22.5 h661eb56_2
  - libasprintf-devel 0.22.5 h661eb56_2
  - libgcc-ng >=12
  - libgettextpo 0.22.5 h59595ed_2
  - libgettextpo-devel 0.22.5 h59595ed_2
  - libstdcxx-ng >=12
  license: LGPL-2.1-or-later AND GPL-3.0-or-later
  size: 475058
  timestamp: 1712512357949
- kind: conda
  name: gettext-tools
  version: 0.22.5
  build: h59595ed_2
  build_number: 2
  subdir: linux-64
  url: https://conda.anaconda.org/conda-forge/linux-64/gettext-tools-0.22.5-h59595ed_2.conda
  sha256: 67d7b1d6fe4f1c516df2000640ec7dcfebf3ff6ea0785f0276870e730c403d33
  md5: 985f2f453fb72408d6b6f1be0f324033
  depends:
  - libgcc-ng >=12
  license: GPL-3.0-or-later
  license_family: GPL
  size: 2728420
  timestamp: 1712512328692
- kind: conda
  name: gzip
  version: '1.13'
  build: hd590300_0
  subdir: linux-64
  url: https://conda.anaconda.org/conda-forge/linux-64/gzip-1.13-hd590300_0.conda
  sha256: 91583f2d85cded2cd81af17f23464888d53a1f1e3424456ee1befc3f73436d7b
  md5: cb8143aa2e59e9684c41dfdf74af38ac
  depends:
  - libgcc-ng >=12
  license: GPL-3.0-or-later
  license_family: GPL
  size: 97116
  timestamp: 1697579107097
- kind: conda
  name: hhsuite
  version: 3.3.0
  build: py310pl5321h068649b_10
  build_number: 10
  subdir: linux-64
  url: https://conda.anaconda.org/bioconda/linux-64/hhsuite-3.3.0-py310pl5321h068649b_10.tar.bz2
  sha256: 5745f4d1f1f8a4752b71f41f1a367d4c8fff260d9ba44b8bed68ebdc3eaa7e6d
  md5: 43d2928fbdcf5ccf664d4c059e13df12
  depends:
  - _openmp_mutex >=4.5
  - libgcc-ng >=12
  - libstdcxx-ng >=12
  - perl >=5.32.1,<5.33.0a0 *_perl5
  - python >=3.10,<3.11.0a0
  - python_abi 3.10.* *_cp310
  license: GPLv3
  size: 28062730
  timestamp: 1709621685043
- kind: conda
  name: joblib
  version: 1.4.0
  build: pyhd8ed1ab_0
  subdir: noarch
  noarch: python
  url: https://conda.anaconda.org/conda-forge/noarch/joblib-1.4.0-pyhd8ed1ab_0.conda
  sha256: 56eea2c4af35a9c8f9cdca530f6aea0dc8e2551bfcc8b8da37da78221366af10
  md5: e0ed1bf13ce3a440e022157bf4764465
  depends:
  - python >=3.8
  - setuptools
  license: BSD-3-Clause
  license_family: BSD
  size: 220154
  timestamp: 1712597317378
- kind: conda
  name: ld_impl_linux-64
  version: '2.40'
  build: h55db66e_0
  subdir: linux-64
  url: https://conda.anaconda.org/conda-forge/linux-64/ld_impl_linux-64-2.40-h55db66e_0.conda
  sha256: ef969eee228cfb71e55146eaecc6af065f468cb0bc0a5239bc053b39db0b5f09
  md5: 10569984e7db886e4f1abc2b47ad79a1
  constrains:
  - binutils_impl_linux-64 2.40
  license: GPL-3.0-only
  size: 713322
  timestamp: 1713651222435
- kind: conda
  name: libasprintf
  version: 0.22.5
  build: h661eb56_2
  build_number: 2
  subdir: linux-64
  url: https://conda.anaconda.org/conda-forge/linux-64/libasprintf-0.22.5-h661eb56_2.conda
  sha256: 31d58af7eb54e2938123200239277f14893c5fa4b5d0280c8cf55ae10000638b
  md5: dd197c968bf9760bba0031888d431ede
  depends:
  - libgcc-ng >=12
  - libstdcxx-ng >=12
  license: LGPL-2.1-or-later
  size: 43226
  timestamp: 1712512265295
- kind: conda
  name: libasprintf-devel
  version: 0.22.5
  build: h661eb56_2
  build_number: 2
  subdir: linux-64
  url: https://conda.anaconda.org/conda-forge/linux-64/libasprintf-devel-0.22.5-h661eb56_2.conda
  sha256: 99d26d272a8203d30b3efbe734a99c823499884d7759b4291674438137c4b5ca
  md5: 02e41ab5834dcdcc8590cf29d9526f50
  depends:
  - libasprintf 0.22.5 h661eb56_2
  - libgcc-ng >=12
  license: LGPL-2.1-or-later
  size: 34225
  timestamp: 1712512295117
- kind: conda
  name: libblas
  version: 3.9.0
  build: 22_linux64_openblas
  build_number: 22
  subdir: linux-64
  url: https://conda.anaconda.org/conda-forge/linux-64/libblas-3.9.0-22_linux64_openblas.conda
  sha256: 082b8ac20d43a7bbcdc28b3b1cd40e4df3a8b5daf0a2d23d68953a44d2d12c1b
  md5: 1a2a0cd3153464fee6646f3dd6dad9b8
  depends:
  - libopenblas >=0.3.27,<0.3.28.0a0
  - libopenblas >=0.3.27,<1.0a0
  constrains:
  - libcblas 3.9.0 22_linux64_openblas
  - blas * openblas
  - liblapacke 3.9.0 22_linux64_openblas
  - liblapack 3.9.0 22_linux64_openblas
  license: BSD-3-Clause
  license_family: BSD
  size: 14537
  timestamp: 1712542250081
- kind: conda
  name: libcblas
  version: 3.9.0
  build: 22_linux64_openblas
  build_number: 22
  subdir: linux-64
  url: https://conda.anaconda.org/conda-forge/linux-64/libcblas-3.9.0-22_linux64_openblas.conda
  sha256: da1b2faa017663c8f5555c1c5518e96ac4cd8e0be2a673c1c9e2cb8507c8fe46
  md5: 4b31699e0ec5de64d5896e580389c9a1
  depends:
  - libblas 3.9.0 22_linux64_openblas
  constrains:
  - liblapack 3.9.0 22_linux64_openblas
  - blas * openblas
  - liblapacke 3.9.0 22_linux64_openblas
  license: BSD-3-Clause
  license_family: BSD
  size: 14438
  timestamp: 1712542270166
- kind: conda
  name: libffi
  version: 3.4.2
  build: h7f98852_5
  build_number: 5
  subdir: linux-64
  url: https://conda.anaconda.org/conda-forge/linux-64/libffi-3.4.2-h7f98852_5.tar.bz2
  sha256: ab6e9856c21709b7b517e940ae7028ae0737546122f83c2aa5d692860c3b149e
  md5: d645c6d2ac96843a2bfaccd2d62b3ac3
  depends:
  - libgcc-ng >=9.4.0
  license: MIT
  license_family: MIT
  size: 58292
  timestamp: 1636488182923
- kind: conda
  name: libgcc-ng
  version: 13.2.0
  build: hc881cc4_6
  build_number: 6
  subdir: linux-64
  url: https://conda.anaconda.org/conda-forge/linux-64/libgcc-ng-13.2.0-hc881cc4_6.conda
  sha256: 836a0057525f1414de43642d357d0ab21ac7f85e24800b010dbc17d132e6efec
  md5: df88796bd09a0d2ed292e59101478ad8
  depends:
  - _libgcc_mutex 0.1 conda_forge
  - _openmp_mutex >=4.5
  constrains:
  - libgomp 13.2.0 hc881cc4_6
  license: GPL-3.0-only WITH GCC-exception-3.1
  size: 777315
  timestamp: 1713755001744
- kind: conda
  name: libgettextpo
  version: 0.22.5
  build: h59595ed_2
  build_number: 2
  subdir: linux-64
  url: https://conda.anaconda.org/conda-forge/linux-64/libgettextpo-0.22.5-h59595ed_2.conda
  sha256: e2f784564a2bdc6f753f00f63cc77c97601eb03bc89dccc4413336ec6d95490b
  md5: 172bcc51059416e7ce99e7b528cede83
  depends:
  - libgcc-ng >=12
  license: GPL-3.0-or-later
  license_family: GPL
  size: 170582
  timestamp: 1712512286907
- kind: conda
  name: libgettextpo-devel
  version: 0.22.5
  build: h59595ed_2
  build_number: 2
  subdir: linux-64
  url: https://conda.anaconda.org/conda-forge/linux-64/libgettextpo-devel-0.22.5-h59595ed_2.conda
  sha256: 695eb2439ad4a89e4205dd675cc52fba5cef6b5d41b83f07cdbf4770a336cc15
  md5: b63d9b6da3653179a278077f0de20014
  depends:
  - libgcc-ng >=12
  - libgettextpo 0.22.5 h59595ed_2
  license: GPL-3.0-or-later
  license_family: GPL
  size: 36758
  timestamp: 1712512303244
- kind: conda
  name: libgfortran-ng
  version: 13.2.0
  build: h69a702a_6
  build_number: 6
  subdir: linux-64
  url: https://conda.anaconda.org/conda-forge/linux-64/libgfortran-ng-13.2.0-h69a702a_6.conda
  sha256: 5e436753c55d81005e9383d7a8ec14298ebd35029d148db7e03c4834ffca54ee
  md5: 3666a850342f8f3be88f9a93d948d027
  depends:
  - libgfortran5 13.2.0 h43f5ff8_6
  license: GPL-3.0-only WITH GCC-exception-3.1
  size: 24183
  timestamp: 1713755271389
- kind: conda
  name: libgfortran5
  version: 13.2.0
  build: h43f5ff8_6
  build_number: 6
  subdir: linux-64
  url: https://conda.anaconda.org/conda-forge/linux-64/libgfortran5-13.2.0-h43f5ff8_6.conda
  sha256: 5da2abd9e2c09ec8566fbacb237926b532f6629871ff2733c90a0be77b77679e
  md5: e54a5ddc67e673f9105cf2a2e9c070b0
  depends:
  - libgcc-ng >=13.2.0
  constrains:
  - libgfortran-ng 13.2.0
  license: GPL-3.0-only WITH GCC-exception-3.1
  size: 1442624
  timestamp: 1713755021286
- kind: conda
  name: libgomp
  version: 13.2.0
  build: hc881cc4_6
  build_number: 6
  subdir: linux-64
  url: https://conda.anaconda.org/conda-forge/linux-64/libgomp-13.2.0-hc881cc4_6.conda
  sha256: e722b19b23b31a14b1592d5eceabb38dc52452ff5e4d346e330526971c22e52a
  md5: aae89d3736661c36a5591788aebd0817
  depends:
  - _libgcc_mutex 0.1 conda_forge
  license: GPL-3.0-only WITH GCC-exception-3.1
  size: 422363
  timestamp: 1713754915251
- kind: conda
  name: libiconv
  version: '1.17'
  build: hd590300_2
  build_number: 2
  subdir: linux-64
  url: https://conda.anaconda.org/conda-forge/linux-64/libiconv-1.17-hd590300_2.conda
  sha256: 8ac2f6a9f186e76539439e50505d98581472fedb347a20e7d1f36429849f05c9
  md5: d66573916ffcf376178462f1b61c941e
  depends:
  - libgcc-ng >=12
  license: LGPL-2.1-only
  size: 705775
  timestamp: 1702682170569
- kind: conda
  name: libidn2
  version: 2.3.7
  build: hd590300_0
  subdir: linux-64
  url: https://conda.anaconda.org/conda-forge/linux-64/libidn2-2.3.7-hd590300_0.conda
  sha256: 253f9be445c58bf07b39d8f67ac08bccc5010c75a8c2070cddfb6c20e1ca4f4f
  md5: 2b7b0d827c6447cc1d85dc06d5b5de46
  depends:
  - gettext >=0.21.1,<1.0a0
  - libgcc-ng >=12
  - libunistring >=0,<1.0a0
  license: LGPLv2
  size: 126515
  timestamp: 1706368269716
- kind: conda
  name: liblapack
  version: 3.9.0
  build: 22_linux64_openblas
  build_number: 22
  subdir: linux-64
  url: https://conda.anaconda.org/conda-forge/linux-64/liblapack-3.9.0-22_linux64_openblas.conda
  sha256: db246341d42f9100d45adeb1a7ba8b1ef5b51ceb9056fd643e98046a3259fde6
  md5: b083767b6c877e24ee597d93b87ab838
  depends:
  - libblas 3.9.0 22_linux64_openblas
  constrains:
  - libcblas 3.9.0 22_linux64_openblas
  - blas * openblas
  - liblapacke 3.9.0 22_linux64_openblas
  license: BSD-3-Clause
  license_family: BSD
  size: 14471
  timestamp: 1712542277696
- kind: conda
  name: libnsl
  version: 2.0.1
  build: hd590300_0
  subdir: linux-64
  url: https://conda.anaconda.org/conda-forge/linux-64/libnsl-2.0.1-hd590300_0.conda
  sha256: 26d77a3bb4dceeedc2a41bd688564fe71bf2d149fdcf117049970bc02ff1add6
  md5: 30fd6e37fe21f86f4bd26d6ee73eeec7
  depends:
  - libgcc-ng >=12
  license: LGPL-2.1-only
  license_family: GPL
  size: 33408
  timestamp: 1697359010159
- kind: conda
  name: libopenblas
  version: 0.3.27
  build: pthreads_h413a1c8_0
  subdir: linux-64
  url: https://conda.anaconda.org/conda-forge/linux-64/libopenblas-0.3.27-pthreads_h413a1c8_0.conda
  sha256: 2ae7559aed0705deb3f716c7b247c74fd1b5e35b64e39834ce8b95f7564d4a3e
  md5: a356024784da6dfd4683dc5ecf45b155
  depends:
  - libgcc-ng >=12
  - libgfortran-ng
  - libgfortran5 >=12.3.0
  constrains:
  - openblas >=0.3.27,<0.3.28.0a0
  license: BSD-3-Clause
  license_family: BSD
  size: 5598747
  timestamp: 1712364444346
- kind: conda
  name: libsqlite
  version: 3.45.3
  build: h2797004_0
  subdir: linux-64
  url: https://conda.anaconda.org/conda-forge/linux-64/libsqlite-3.45.3-h2797004_0.conda
  sha256: e2273d6860eadcf714a759ffb6dc24a69cfd01f2a0ea9d6c20f86049b9334e0c
  md5: b3316cbe90249da4f8e84cd66e1cc55b
  depends:
  - libgcc-ng >=12
  - libzlib >=1.2.13,<1.3.0a0
  license: Unlicense
  size: 859858
  timestamp: 1713367435849
- kind: conda
  name: libstdcxx-ng
  version: 13.2.0
  build: h95c4c6d_6
  build_number: 6
  subdir: linux-64
  url: https://conda.anaconda.org/conda-forge/linux-64/libstdcxx-ng-13.2.0-h95c4c6d_6.conda
  sha256: 2616dbf9d28431eea20b6e307145c6a92ea0328a047c725ff34b0316de2617da
  md5: 3cfab3e709f77e9f1b3d380eb622494a
  license: GPL-3.0-only WITH GCC-exception-3.1
  size: 3842900
  timestamp: 1713755068572
- kind: conda
  name: libunistring
  version: 0.9.10
  build: h7f98852_0
  subdir: linux-64
  url: https://conda.anaconda.org/conda-forge/linux-64/libunistring-0.9.10-h7f98852_0.tar.bz2
  sha256: e88c45505921db29c08df3439ddb7f771bbff35f95e7d3103bf365d5d6ce2a6d
  md5: 7245a044b4a1980ed83196176b78b73a
  depends:
  - libgcc-ng >=9.3.0
  license: GPL-3.0-only OR LGPL-3.0-only
  size: 1433436
  timestamp: 1626955018689
- kind: conda
  name: libuuid
  version: 2.38.1
  build: h0b41bf4_0
  subdir: linux-64
  url: https://conda.anaconda.org/conda-forge/linux-64/libuuid-2.38.1-h0b41bf4_0.conda
  sha256: 787eb542f055a2b3de553614b25f09eefb0a0931b0c87dbcce6efdfd92f04f18
  md5: 40b61aab5c7ba9ff276c41cfffe6b80b
  depends:
  - libgcc-ng >=12
  license: BSD-3-Clause
  license_family: BSD
  size: 33601
  timestamp: 1680112270483
- kind: conda
  name: libxcrypt
  version: 4.4.36
  build: hd590300_1
  build_number: 1
  subdir: linux-64
  url: https://conda.anaconda.org/conda-forge/linux-64/libxcrypt-4.4.36-hd590300_1.conda
  sha256: 6ae68e0b86423ef188196fff6207ed0c8195dd84273cb5623b85aa08033a410c
  md5: 5aa797f8787fe7a17d1b0821485b5adc
  depends:
  - libgcc-ng >=12
  license: LGPL-2.1-or-later
  size: 100393
  timestamp: 1702724383534
- kind: conda
  name: libzlib
  version: 1.2.13
  build: hd590300_5
  build_number: 5
  subdir: linux-64
  url: https://conda.anaconda.org/conda-forge/linux-64/libzlib-1.2.13-hd590300_5.conda
  sha256: 370c7c5893b737596fd6ca0d9190c9715d89d888b8c88537ae1ef168c25e82e4
  md5: f36c115f1ee199da648e0597ec2047ad
  depends:
  - libgcc-ng >=12
  constrains:
  - zlib 1.2.13 *_5
  license: Zlib
  license_family: Other
  size: 61588
  timestamp: 1686575217516
- kind: conda
  name: ncurses
  version: 6.4.20240210
  build: h59595ed_0
  subdir: linux-64
  url: https://conda.anaconda.org/conda-forge/linux-64/ncurses-6.4.20240210-h59595ed_0.conda
  sha256: aa0f005b6727aac6507317ed490f0904430584fa8ca722657e7f0fb94741de81
  md5: 97da8860a0da5413c7c98a3b3838a645
  depends:
  - libgcc-ng >=12
  license: X11 AND BSD-3-Clause
  size: 895669
  timestamp: 1710866638986
- kind: conda
  name: numpy
  version: 1.26.4
  build: py310hb13e2d6_0
  subdir: linux-64
  url: https://conda.anaconda.org/conda-forge/linux-64/numpy-1.26.4-py310hb13e2d6_0.conda
  sha256: 028fe2ea8e915a0a032b75165f11747770326f3d767e642880540c60a3256425
  md5: 6593de64c935768b6bad3e19b3e978be
  depends:
  - libblas >=3.9.0,<4.0a0
  - libcblas >=3.9.0,<4.0a0
  - libgcc-ng >=12
  - liblapack >=3.9.0,<4.0a0
  - libstdcxx-ng >=12
  - python >=3.10,<3.11.0a0
  - python_abi 3.10.* *_cp310
  constrains:
  - numpy-base <0a0
  license: BSD-3-Clause
  license_family: BSD
  size: 7009070
  timestamp: 1707225917496
- kind: conda
  name: openssl
  version: 3.2.1
  build: hd590300_1
  build_number: 1
  subdir: linux-64
  url: https://conda.anaconda.org/conda-forge/linux-64/openssl-3.2.1-hd590300_1.conda
  sha256: 2c689444ed19a603be457284cf2115ee728a3fafb7527326e96054dee7cdc1a7
  md5: 9d731343cff6ee2e5a25c4a091bf8e2a
  depends:
  - ca-certificates
  - libgcc-ng >=12
  constrains:
  - pyopenssl >=22.1
  license: Apache-2.0
  license_family: Apache
  size: 2865379
  timestamp: 1710793235846
- kind: conda
  name: perl
  version: 5.32.1
  build: 7_hd590300_perl5
  build_number: 7
  subdir: linux-64
  url: https://conda.anaconda.org/conda-forge/linux-64/perl-5.32.1-7_hd590300_perl5.conda
  sha256: 9ec32b6936b0e37bcb0ed34f22ec3116e75b3c0964f9f50ecea5f58734ed6ce9
  md5: f2cfec9406850991f4e3d960cc9e3321
  depends:
  - libgcc-ng >=12
  - libxcrypt >=4.4.36
  license: GPL-1.0-or-later OR Artistic-1.0-Perl
  size: 13344463
  timestamp: 1703310653947
- kind: conda
  name: python
  version: 3.10.0
  build: h543edf9_3_cpython
  build_number: 3
  subdir: linux-64
  url: https://conda.anaconda.org/conda-forge/linux-64/python-3.10.0-h543edf9_3_cpython.tar.bz2
  sha256: 0661f43d7bc446c22bfcf1730ad5c7a2ac695c696ba4609bac896cefff879431
  md5: 67cdff58413ce9f034fb971188060313
  depends:
  - bzip2 >=1.0.8,<2.0a0
  - ld_impl_linux-64 >=2.36.1
  - libffi >=3.4.2,<3.5.0a0
  - libgcc-ng >=9.4.0
  - libnsl >=2.0.0,<2.1.0a0
  - libuuid >=2.32.1,<3.0a0
  - libzlib >=1.2.11,<1.3.0a0
  - ncurses >=6.2,<7.0.0a0
  - openssl >=3.0.0,<4.0a0
  - readline >=8.1,<9.0a0
  - sqlite >=3.36.0,<4.0a0
  - tk >=8.6.11,<8.7.0a0
  - tzdata
  - xz >=5.2.5,<6.0.0a0
  constrains:
  - python_abi 3.10.* *_cp310
  license: Python-2.0
  size: 31281695
  timestamp: 1637376125446
- kind: conda
  name: python_abi
  version: '3.10'
  build: 4_cp310
  build_number: 4
  subdir: linux-64
  url: https://conda.anaconda.org/conda-forge/linux-64/python_abi-3.10-4_cp310.conda
  sha256: 456bec815bfc2b364763084d08b412fdc4c17eb9ccc66a36cb775fa7ac3cbaec
  md5: 26322ec5d7712c3ded99dd656142b8ce
  constrains:
  - python 3.10.* *_cpython
  license: BSD-3-Clause
  license_family: BSD
  size: 6398
  timestamp: 1695147363189
- kind: conda
  name: readline
  version: '8.2'
  build: h8228510_1
  build_number: 1
  subdir: linux-64
  url: https://conda.anaconda.org/conda-forge/linux-64/readline-8.2-h8228510_1.conda
  sha256: 5435cf39d039387fbdc977b0a762357ea909a7694d9528ab40f005e9208744d7
  md5: 47d31b792659ce70f470b5c82fdfb7a4
  depends:
  - libgcc-ng >=12
  - ncurses >=6.3,<7.0a0
  license: GPL-3.0-only
  license_family: GPL
  size: 281456
  timestamp: 1679532220005
- kind: conda
  name: scikit-learn
  version: 1.2.0
  build: py310h209a8ca_0
  subdir: linux-64
  url: https://conda.anaconda.org/conda-forge/linux-64/scikit-learn-1.2.0-py310h209a8ca_0.conda
  sha256: 00733203bf459b9ca33b8c19ba7a57fca460aa266a6d98a5b111e8b199ed896d
  md5: 5a08a1f004445ee9bf58261feb16cc18
  depends:
  - joblib >=1.1.1
  - libcblas >=3.9.0,<4.0a0
  - libgcc-ng >=12
  - libstdcxx-ng >=12
  - numpy >=1.21.6,<2.0a0
  - python >=3.10,<3.11.0a0
  - python_abi 3.10.* *_cp310
  - scipy
  - threadpoolctl >=2.0.0
  license: BSD-3-Clause
  license_family: BSD
  size: 7497624
  timestamp: 1670523623939
- kind: conda
  name: scipy
  version: 1.13.0
  build: py310hb13e2d6_0
  subdir: linux-64
  url: https://conda.anaconda.org/conda-forge/linux-64/scipy-1.13.0-py310hb13e2d6_0.conda
  sha256: e180782df1e4a34eaae2d4e3b6e94e5f2f5a4472cfd33884780d7ce96b84de0d
  md5: 512cfc0369e247e3993a76030671cce0
  depends:
  - libblas >=3.9.0,<4.0a0
  - libcblas >=3.9.0,<4.0a0
  - libgcc-ng >=12
  - libgfortran-ng
  - libgfortran5 >=12.3.0
  - liblapack >=3.9.0,<4.0a0
  - libstdcxx-ng >=12
  - numpy >=1.22.4,<1.28
  - numpy >=1.22.4,<2.0a0
  - python >=3.10,<3.11.0a0
  - python_abi 3.10.* *_cp310
  license: BSD-3-Clause
  license_family: BSD
  size: 16327082
  timestamp: 1712256494659
- kind: conda
  name: setuptools
  version: 69.5.1
  build: pyhd8ed1ab_0
  subdir: noarch
  noarch: python
  url: https://conda.anaconda.org/conda-forge/noarch/setuptools-69.5.1-pyhd8ed1ab_0.conda
  sha256: 72d143408507043628b32bed089730b6d5f5445eccc44b59911ec9f262e365e7
  md5: 7462280d81f639363e6e63c81276bd9e
  depends:
  - python >=3.8
  license: MIT
  license_family: MIT
  size: 501790
  timestamp: 1713094963112
- kind: conda
  name: sqlite
  version: 3.45.3
  build: h2c6b66d_0
  subdir: linux-64
  url: https://conda.anaconda.org/conda-forge/linux-64/sqlite-3.45.3-h2c6b66d_0.conda
  sha256: 945ac702e2bd8cc59cc780dfc37c18255d5e538c8433dc290c0edbad2bcbaeb4
  md5: be7d70f2db41b674733667bdd69bd000
  depends:
  - libgcc-ng >=12
  - libsqlite 3.45.3 h2797004_0
  - libzlib >=1.2.13,<1.3.0a0
  - ncurses >=6.4.20240210,<7.0a0
  - readline >=8.2,<9.0a0
  license: Unlicense
  size: 848611
  timestamp: 1713367461306
- kind: conda
  name: tar
  version: '1.34'
  build: hb2e2bae_1
  build_number: 1
  subdir: linux-64
  url: https://conda.anaconda.org/conda-forge/linux-64/tar-1.34-hb2e2bae_1.tar.bz2
  sha256: 469b04c8f5ed59b8765cc501b593903ca831e604a59f40d6578a3326b082a946
  md5: 55aeaa9caf9a1cfd1a8cd3ad4e7885ea
  depends:
  - libgcc-ng >=12
  - libiconv >=1.17,<2.0a0
  license: GPL-3.0-or-later
  license_family: GPL
  size: 914685
  timestamp: 1666629652927
- kind: conda
  name: threadpoolctl
  version: 3.4.0
  build: pyhc1e730c_0
  subdir: noarch
  noarch: python
  url: https://conda.anaconda.org/conda-forge/noarch/threadpoolctl-3.4.0-pyhc1e730c_0.conda
  sha256: 4f4ad4f2a4ee8875cf2cb9c80abf4c7383e5e53cfec41104da7058569d9063b7
  md5: b296278eef667c673bf51de6535bad88
  depends:
  - python >=3.8
  license: BSD-3-Clause
  license_family: BSD
  size: 23032
  timestamp: 1710943698793
- kind: conda
  name: tk
  version: 8.6.13
  build: noxft_h4845f30_101
  build_number: 101
  subdir: linux-64
  url: https://conda.anaconda.org/conda-forge/linux-64/tk-8.6.13-noxft_h4845f30_101.conda
  sha256: e0569c9caa68bf476bead1bed3d79650bb080b532c64a4af7d8ca286c08dea4e
  md5: d453b98d9c83e71da0741bb0ff4d76bc
  depends:
  - libgcc-ng >=12
  - libzlib >=1.2.13,<1.3.0a0
  license: TCL
  license_family: BSD
  size: 3318875
  timestamp: 1699202167581
- kind: conda
  name: tzdata
  version: 2024a
  build: h0c530f3_0
  subdir: noarch
  noarch: generic
  url: https://conda.anaconda.org/conda-forge/noarch/tzdata-2024a-h0c530f3_0.conda
  sha256: 7b2b69c54ec62a243eb6fba2391b5e443421608c3ae5dbff938ad33ca8db5122
  md5: 161081fc7cec0bfda0d86d7cb595f8d8
  license: LicenseRef-Public-Domain
  size: 119815
  timestamp: 1706886945727
- kind: conda
  name: wget
  version: 1.21.4
  build: hda4d442_0
  subdir: linux-64
  url: https://conda.anaconda.org/conda-forge/linux-64/wget-1.21.4-hda4d442_0.conda
  sha256: 70df4ac8cca488618458af4705706551cef7e402bac9c2c41dd17148f60cbd1f
  md5: 361e96b664eac64a33c20dfd11affbff
  depends:
  - libgcc-ng >=12
  - libidn2 >=2,<3.0a0
  - libunistring >=0,<1.0a0
  - libzlib >=1.2.13,<1.3.0a0
  - openssl >=3.2.1,<4.0a0
  - zlib
  license: GPL-3.0-or-later
  license_family: GPL
  size: 770380
  timestamp: 1710770110704
- kind: conda
  name: xz
  version: 5.2.6
  build: h166bdaf_0
  subdir: linux-64
  url: https://conda.anaconda.org/conda-forge/linux-64/xz-5.2.6-h166bdaf_0.tar.bz2
  sha256: 03a6d28ded42af8a347345f82f3eebdd6807a08526d47899a42d62d319609162
  md5: 2161070d867d1b1204ea749c8eec4ef0
  depends:
  - libgcc-ng >=12
  license: LGPL-2.1 and GPL-2.0
  size: 418368
  timestamp: 1660346797927
- kind: conda
  name: zlib
  version: 1.2.13
  build: hd590300_5
  build_number: 5
  subdir: linux-64
  url: https://conda.anaconda.org/conda-forge/linux-64/zlib-1.2.13-hd590300_5.conda
  sha256: 9887a04d7e7cb14bd2b52fa01858f05a6d7f002c890f618d9fcd864adbfecb1b
  md5: 68c34ec6149623be41a1933ab996a209
  depends:
  - libgcc-ng >=12
  - libzlib 1.2.13 hd590300_5
  license: Zlib
  license_family: Other
  size: 92825
  timestamp: 1686575231103
